
Microsoft Visual Studio Solution File, Format Version 12.00
# Visual Studio Version 16
VisualStudioVersion = 16.0.31424.327
MinimumVisualStudioVersion = 10.0.40219.1
Project("{FAE04EC0-301F-11D3-BF4B-00C04F79EFBC}") = "PasswordController", "PasswordController\PasswordController.csproj", "{BA1F1206-96C9-4B45-A161-CD692A1FBCDC}"
EndProject
Global
	GlobalSection(SolutionConfigurationPlatforms) = preSolution
		Debug|Any CPU = Debug|Any CPU
		Release|Any CPU = Release|Any CPU
	EndGlobalSection
	GlobalSection(ProjectConfigurationPlatforms) = postSolution
		{BA1F1206-96C9-4B45-A161-CD692A1FBCDC}.Debug|Any CPU.ActiveCfg = Debug|Any CPU
		{BA1F1206-96C9-4B45-A161-CD692A1FBCDC}.Debug|Any CPU.Build.0 = Debug|Any CPU
		{BA1F1206-96C9-4B45-A161-CD692A1FBCDC}.Release|Any CPU.ActiveCfg = Release|Any CPU
		{BA1F1206-96C9-4B45-A161-CD692A1FBCDC}.Release|Any CPU.Build.0 = Release|Any CPU
	EndGlobalSection
	GlobalSection(SolutionProperties) = preSolution
		HideSolutionNode = FALSE
	EndGlobalSection
	GlobalSection(ExtensibilityGlobals) = postSolution
		SolutionGuid = {FFC27992-836A-4C76-8C7A-3711DBCE3C77}
	EndGlobalSection
EndGlobal
